
Microsoft Visual Studio Solution File, Format Version 11.00
# Visual Studio 2010
Project("{FAE04EC0-301F-11D3-BF4B-00C04F79EFBC}") = "Unity.Timeline", "Unity.Timeline.csproj", "{5231aacf-1890-18d7-f597-d6541d9d7114}"
EndProject
Project("{FAE04EC0-301F-11D3-BF4B-00C04F79EFBC}") = "Unity.Timeline.Editor", "Unity.Timeline.Editor.csproj", "{2f47dac3-48f0-c72b-bd11-c8b0b1ce1ba4}"
EndProject
Project("{FAE04EC0-301F-11D3-BF4B-00C04F79EFBC}") = "Unity.TextMeshPro.Editor", "Unity.TextMeshPro.Editor.csproj", "{39dc8d7a-3010-e8c5-1e9c-d9fb25d1db61}"
EndProject
Project("{FAE04EC0-301F-11D3-BF4B-00C04F79EFBC}") = "Unity.VisualScripting.Flow", "Unity.VisualScripting.Flow.csproj", "{9029f88d-fd33-97b9-8966-13849021e6fe}"
EndProject
Project("{FAE04EC0-301F-11D3-BF4B-00C04F79EFBC}") = "UnityEditor.UI", "UnityEditor.UI.csproj", "{a0c1b993-47a6-de3c-b8c6-8f5ad9b63860}"
EndProject
Project("{FAE04EC0-301F-11D3-BF4B-00C04F79EFBC}") = "Unity.PlasticSCM.Editor", "Unity.PlasticSCM.Editor.csproj", "{3dee66df-9cdd-d398-7396-c864a5728e65}"
EndProject
Project("{FAE04EC0-301F-11D3-BF4B-00C04F79EFBC}") = "Unity.VisualScripting.Core", "Unity.VisualScripting.Core.csproj", "{fef99f8c-34b1-7c08-b452-edc32c851e2f}"
EndProject
Project("{FAE04EC0-301F-11D3-BF4B-00C04F79EFBC}") = "Cinemachine", "Cinemachine.csproj", "{fe8a6c70-fd47-be63-7cfc-05b8576a4b00}"
EndProject
Project("{FAE04EC0-301F-11D3-BF4B-00C04F79EFBC}") = "Unity.VisualScripting.Core.Editor", "Unity.VisualScripting.Core.Editor.csproj", "{6e5b62cf-ecd2-2bb8-b241-6cab35ce0597}"
EndProject
Project("{FAE04EC0-301F-11D3-BF4B-00C04F79EFBC}") = "Unity.VisualScripting.Flow.Editor", "Unity.VisualScripting.Flow.Editor.csproj", "{be39a58f-cecc-bbd2-5b91-3a7715785ad4}"
EndProject
Project("{FAE04EC0-301F-11D3-BF4B-00C04F79EFBC}") = "UnityEditor.TestRunner", "UnityEditor.TestRunner.csproj", "{fd05a7e8-9753-40a6-4771-2faf942fd6a7}"
EndProject
Project("{FAE04EC0-301F-11D3-BF4B-00C04F79EFBC}") = "Unity.VisualScripting.SettingsProvider.Editor", "Unity.VisualScripting.SettingsProvider.Editor.csproj", "{f448a287-4c34-d3d6-ac34-1b47726ed241}"
EndProject
Project("{FAE04EC0-301F-11D3-BF4B-00C04F79EFBC}") = "UnityEngine.TestRunner", "UnityEngine.TestRunner.csproj", "{907359f2-f02b-ed38-0e17-b4bcbf17cbd5}"
EndProject
Project("{FAE04EC0-301F-11D3-BF4B-00C04F79EFBC}") = "UnityEngine.UI", "UnityEngine.UI.csproj", "{23e9e6f2-9623-f5d0-162e-3b7b2ab75bb8}"
EndProject
Project("{FAE04EC0-301F-11D3-BF4B-00C04F79EFBC}") = "Unity.AI.Navigation.Editor", "Unity.AI.Navigation.Editor.csproj", "{b7be5a21-2e12-c3ab-2327-f9137d3c6615}"
EndProject
Project("{FAE04EC0-301F-11D3-BF4B-00C04F79EFBC}") = "Unity.VisualStudio.Editor", "Unity.VisualStudio.Editor.csproj", "{52f60842-9452-0bca-27b0-54bfdb18585c}"
EndProject
Project("{FAE04EC0-301F-11D3-BF4B-00C04F79EFBC}") = "com.unity.cinemachine.editor", "com.unity.cinemachine.editor.csproj", "{7210fbd5-7eba-3f26-3914-d2ba882f32ad}"
EndProject
Project("{FAE04EC0-301F-11D3-BF4B-00C04F79EFBC}") = "Unity.TestTools.CodeCoverage.Editor.OpenCover.Model", "Unity.TestTools.CodeCoverage.Editor.OpenCover.Model.csproj", "{76fcbfec-e087-2c83-1f17-15c749a23e40}"
EndProject
Project("{FAE04EC0-301F-11D3-BF4B-00C04F79EFBC}") = "Unity.Rider.Editor", "Unity.Rider.Editor.csproj", "{22603f5d-54b5-a45f-aa4f-02708b2f1daf}"
EndProject
Project("{FAE04EC0-301F-11D3-BF4B-00C04F79EFBC}") = "Unity.Postprocessing.Runtime", "Unity.Postprocessing.Runtime.csproj", "{23158ead-f32e-77b1-3a46-0761561f2632}"
EndProject
Project("{FAE04EC0-301F-11D3-BF4B-00C04F79EFBC}") = "Assembly-CSharp", "Assembly-CSharp.csproj", "{d989c91c-f8d4-ede2-0d24-24ca4dfcd46a}"
EndProject
Project("{FAE04EC0-301F-11D3-BF4B-00C04F79EFBC}") = "Unity.AI.Navigation", "Unity.AI.Navigation.csproj", "{c582284f-7a04-9e91-b20d-d3b70ad127b6}"
EndProject
Project("{FAE04EC0-301F-11D3-BF4B-00C04F79EFBC}") = "Unity.AI.Navigation.Editor.ConversionSystem", "Unity.AI.Navigation.Editor.ConversionSystem.csproj", "{f38f4dcd-6727-b7ae-fc62-de98d4f5625e}"
EndProject
Project("{FAE04EC0-301F-11D3-BF4B-00C04F79EFBC}") = "Unity.VisualScripting.State.Editor", "Unity.VisualScripting.State.Editor.csproj", "{82a0ddc7-7dd0-bcae-b336-0c2a6ac3355e}"
EndProject
Project("{FAE04EC0-301F-11D3-BF4B-00C04F79EFBC}") = "Unity.TestTools.CodeCoverage.Editor", "Unity.TestTools.CodeCoverage.Editor.csproj", "{3a5ab6bc-48d9-008b-8e86-fd2fea9eb848}"
EndProject
Project("{FAE04EC0-301F-11D3-BF4B-00C04F79EFBC}") = "Unity.Postprocessing.Editor", "Unity.Postprocessing.Editor.csproj", "{601a6335-1e6f-5200-9e65-4cbbae761ad2}"
EndProject
Project("{FAE04EC0-301F-11D3-BF4B-00C04F79EFBC}") = "Unity.VisualScripting.State", "Unity.VisualScripting.State.csproj", "{af0acbc3-0f67-76e1-6a0f-cb1365dc462e}"
EndProject
Project("{FAE04EC0-301F-11D3-BF4B-00C04F79EFBC}") = "Unity.TextMeshPro", "Unity.TextMeshPro.csproj", "{6057cd29-909b-0d83-e4ad-02c1be5de3ac}"
EndProject
Project("{FAE04EC0-301F-11D3-BF4B-00C04F79EFBC}") = "Unity.Performance.Profile-Analyzer.Editor", "Unity.Performance.Profile-Analyzer.Editor.csproj", "{55166fc1-6fd0-c835-cfd3-3e119f43eaf7}"
EndProject
Project("{FAE04EC0-301F-11D3-BF4B-00C04F79EFBC}") = "Unity.VSCode.Editor", "Unity.VSCode.Editor.csproj", "{f80a0dc0-5227-2fd5-6420-f7023c432e88}"
EndProject
Project("{FAE04EC0-301F-11D3-BF4B-00C04F79EFBC}") = "Unity.TestTools.CodeCoverage.Editor.OpenCover.Mono.Reflection", "Unity.TestTools.CodeCoverage.Editor.OpenCover.Mono.Reflection.csproj", "{1f66afbd-2815-3812-69c7-b334cd0f64ab}"
EndProject
Project("{FAE04EC0-301F-11D3-BF4B-00C04F79EFBC}") = "Unity.AI.Navigation.Updater", "Unity.AI.Navigation.Updater.csproj", "{f3ae658e-1a93-2dcf-c422-4b253b2c98a3}"
EndProject
Project("{FAE04EC0-301F-11D3-BF4B-00C04F79EFBC}") = "Unity.Settings.Editor", "Unity.Settings.Editor.csproj", "{03dd3fec-a5bb-0cb7-b9cd-4fc4b6441671}"
EndProject
Project("{FAE04EC0-301F-11D3-BF4B-00C04F79EFBC}") = "Unity.EditorCoroutines.Editor", "Unity.EditorCoroutines.Editor.csproj", "{b8aa1eae-ec21-1e9f-0632-a800443b1593}"
EndProject
Project("{FAE04EC0-301F-11D3-BF4B-00C04F79EFBC}") = "Unity.VisualScripting.Shared.Editor", "Unity.VisualScripting.Shared.Editor.csproj", "{a2d447ed-da35-e80e-ff5a-be40a93d9f51}"
EndProject
Project("{FAE04EC0-301F-11D3-BF4B-00C04F79EFBC}") = "Assembly-CSharp-Editor", "Assembly-CSharp-Editor.csproj", "{82089fac-73a7-3eed-ccab-363f7d924df7}"
EndProject
Project("{FAE04EC0-301F-11D3-BF4B-00C04F79EFBC}") = "Unity.CollabProxy.Editor", "Unity.CollabProxy.Editor.csproj", "{737e5646-822b-2217-a2de-99b8827b4414}"
EndProject
Global
	GlobalSection(SolutionConfigurationPlatforms) = preSolution
		Debug|Any CPU = Debug|Any CPU
	EndGlobalSection
	GlobalSection(ProjectConfigurationPlatforms) = postSolution
		{5231aacf-1890-18d7-f597-d6541d9d7114}.Debug|Any CPU.ActiveCfg = Debug|Any CPU
		{5231aacf-1890-18d7-f597-d6541d9d7114}.Debug|Any CPU.Build.0 = Debug|Any CPU
		{2f47dac3-48f0-c72b-bd11-c8b0b1ce1ba4}.Debug|Any CPU.ActiveCfg = Debug|Any CPU
		{2f47dac3-48f0-c72b-bd11-c8b0b1ce1ba4}.Debug|Any CPU.Build.0 = Debug|Any CPU
		{39dc8d7a-3010-e8c5-1e9c-d9fb25d1db61}.Debug|Any CPU.ActiveCfg = Debug|Any CPU
		{39dc8d7a-3010-e8c5-1e9c-d9fb25d1db61}.Debug|Any CPU.Build.0 = Debug|Any CPU
		{9029f88d-fd33-97b9-8966-13849021e6fe}.Debug|Any CPU.ActiveCfg = Debug|Any CPU
		{9029f88d-fd33-97b9-8966-13849021e6fe}.Debug|Any CPU.Build.0 = Debug|Any CPU
		{a0c1b993-47a6-de3c-b8c6-8f5ad9b63860}.Debug|Any CPU.ActiveCfg = Debug|Any CPU
		{a0c1b993-47a6-de3c-b8c6-8f5ad9b63860}.Debug|Any CPU.Build.0 = Debug|Any CPU
		{3dee66df-9cdd-d398-7396-c864a5728e65}.Debug|Any CPU.ActiveCfg = Debug|Any CPU
		{3dee66df-9cdd-d398-7396-c864a5728e65}.Debug|Any CPU.Build.0 = Debug|Any CPU
		{fef99f8c-34b1-7c08-b452-edc32c851e2f}.Debug|Any CPU.ActiveCfg = Debug|Any CPU
		{fef99f8c-34b1-7c08-b452-edc32c851e2f}.Debug|Any CPU.Build.0 = Debug|Any CPU
		{fe8a6c70-fd47-be63-7cfc-05b8576a4b00}.Debug|Any CPU.ActiveCfg = Debug|Any CPU
		{fe8a6c70-fd47-be63-7cfc-05b8576a4b00}.Debug|Any CPU.Build.0 = Debug|Any CPU
		{6e5b62cf-ecd2-2bb8-b241-6cab35ce0597}.Debug|Any CPU.ActiveCfg = Debug|Any CPU
		{6e5b62cf-ecd2-2bb8-b241-6cab35ce0597}.Debug|Any CPU.Build.0 = Debug|Any CPU
		{be39a58f-cecc-bbd2-5b91-3a7715785ad4}.Debug|Any CPU.ActiveCfg = Debug|Any CPU
		{be39a58f-cecc-bbd2-5b91-3a7715785ad4}.Debug|Any CPU.Build.0 = Debug|Any CPU
		{fd05a7e8-9753-40a6-4771-2faf942fd6a7}.Debug|Any CPU.ActiveCfg = Debug|Any CPU
		{fd05a7e8-9753-40a6-4771-2faf942fd6a7}.Debug|Any CPU.Build.0 = Debug|Any CPU
		{f448a287-4c34-d3d6-ac34-1b47726ed241}.Debug|Any CPU.ActiveCfg = Debug|Any CPU
		{f448a287-4c34-d3d6-ac34-1b47726ed241}.Debug|Any CPU.Build.0 = Debug|Any CPU
		{907359f2-f02b-ed38-0e17-b4bcbf17cbd5}.Debug|Any CPU.ActiveCfg = Debug|Any CPU
		{907359f2-f02b-ed38-0e17-b4bcbf17cbd5}.Debug|Any CPU.Build.0 = Debug|Any CPU
		{23e9e6f2-9623-f5d0-162e-3b7b2ab75bb8}.Debug|Any CPU.ActiveCfg = Debug|Any CPU
		{23e9e6f2-9623-f5d0-162e-3b7b2ab75bb8}.Debug|Any CPU.Build.0 = Debug|Any CPU
		{b7be5a21-2e12-c3ab-2327-f9137d3c6615}.Debug|Any CPU.ActiveCfg = Debug|Any CPU
		{b7be5a21-2e12-c3ab-2327-f9137d3c6615}.Debug|Any CPU.Build.0 = Debug|Any CPU
		{52f60842-9452-0bca-27b0-54bfdb18585c}.Debug|Any CPU.ActiveCfg = Debug|Any CPU
		{52f60842-9452-0bca-27b0-54bfdb18585c}.Debug|Any CPU.Build.0 = Debug|Any CPU
		{7210fbd5-7eba-3f26-3914-d2ba882f32ad}.Debug|Any CPU.ActiveCfg = Debug|Any CPU
		{7210fbd5-7eba-3f26-3914-d2ba882f32ad}.Debug|Any CPU.Build.0 = Debug|Any CPU
		{76fcbfec-e087-2c83-1f17-15c749a23e40}.Debug|Any CPU.ActiveCfg = Debug|Any CPU
		{76fcbfec-e087-2c83-1f17-15c749a23e40}.Debug|Any CPU.Build.0 = Debug|Any CPU
		{22603f5d-54b5-a45f-aa4f-02708b2f1daf}.Debug|Any CPU.ActiveCfg = Debug|Any CPU
		{22603f5d-54b5-a45f-aa4f-02708b2f1daf}.Debug|Any CPU.Build.0 = Debug|Any CPU
		{23158ead-f32e-77b1-3a46-0761561f2632}.Debug|Any CPU.ActiveCfg = Debug|Any CPU
		{23158ead-f32e-77b1-3a46-0761561f2632}.Debug|Any CPU.Build.0 = Debug|Any CPU
		{d989c91c-f8d4-ede2-0d24-24ca4dfcd46a}.Debug|Any CPU.ActiveCfg = Debug|Any CPU
		{d989c91c-f8d4-ede2-0d24-24ca4dfcd46a}.Debug|Any CPU.Build.0 = Debug|Any CPU
		{c582284f-7a04-9e91-b20d-d3b70ad127b6}.Debug|Any CPU.ActiveCfg = Debug|Any CPU
		{c582284f-7a04-9e91-b20d-d3b70ad127b6}.Debug|Any CPU.Build.0 = Debug|Any CPU
		{f38f4dcd-6727-b7ae-fc62-de98d4f5625e}.Debug|Any CPU.ActiveCfg = Debug|Any CPU
		{f38f4dcd-6727-b7ae-fc62-de98d4f5625e}.Debug|Any CPU.Build.0 = Debug|Any CPU
		{82a0ddc7-7dd0-bcae-b336-0c2a6ac3355e}.Debug|Any CPU.ActiveCfg = Debug|Any CPU
		{82a0ddc7-7dd0-bcae-b336-0c2a6ac3355e}.Debug|Any CPU.Build.0 = Debug|Any CPU
		{3a5ab6bc-48d9-008b-8e86-fd2fea9eb848}.Debug|Any CPU.ActiveCfg = Debug|Any CPU
		{3a5ab6bc-48d9-008b-8e86-fd2fea9eb848}.Debug|Any CPU.Build.0 = Debug|Any CPU
		{601a6335-1e6f-5200-9e65-4cbbae761ad2}.Debug|Any CPU.ActiveCfg = Debug|Any CPU
		{601a6335-1e6f-5200-9e65-4cbbae761ad2}.Debug|Any CPU.Build.0 = Debug|Any CPU
		{af0acbc3-0f67-76e1-6a0f-cb1365dc462e}.Debug|Any CPU.ActiveCfg = Debug|Any CPU
		{af0acbc3-0f67-76e1-6a0f-cb1365dc462e}.Debug|Any CPU.Build.0 = Debug|Any CPU
		{6057cd29-909b-0d83-e4ad-02c1be5de3ac}.Debug|Any CPU.ActiveCfg = Debug|Any CPU
		{6057cd29-909b-0d83-e4ad-02c1be5de3ac}.Debug|Any CPU.Build.0 = Debug|Any CPU
		{55166fc1-6fd0-c835-cfd3-3e119f43eaf7}.Debug|Any CPU.ActiveCfg = Debug|Any CPU
		{55166fc1-6fd0-c835-cfd3-3e119f43eaf7}.Debug|Any CPU.Build.0 = Debug|Any CPU
		{f80a0dc0-5227-2fd5-6420-f7023c432e88}.Debug|Any CPU.ActiveCfg = Debug|Any CPU
		{f80a0dc0-5227-2fd5-6420-f7023c432e88}.Debug|Any CPU.Build.0 = Debug|Any CPU
		{1f66afbd-2815-3812-69c7-b334cd0f64ab}.Debug|Any CPU.ActiveCfg = Debug|Any CPU
		{1f66afbd-2815-3812-69c7-b334cd0f64ab}.Debug|Any CPU.Build.0 = Debug|Any CPU
		{f3ae658e-1a93-2dcf-c422-4b253b2c98a3}.Debug|Any CPU.ActiveCfg = Debug|Any CPU
		{f3ae658e-1a93-2dcf-c422-4b253b2c98a3}.Debug|Any CPU.Build.0 = Debug|Any CPU
		{03dd3fec-a5bb-0cb7-b9cd-4fc4b6441671}.Debug|Any CPU.ActiveCfg = Debug|Any CPU
		{03dd3fec-a5bb-0cb7-b9cd-4fc4b6441671}.Debug|Any CPU.Build.0 = Debug|Any CPU
		{b8aa1eae-ec21-1e9f-0632-a800443b1593}.Debug|Any CPU.ActiveCfg = Debug|Any CPU
		{b8aa1eae-ec21-1e9f-0632-a800443b1593}.Debug|Any CPU.Build.0 = Debug|Any CPU
		{a2d447ed-da35-e80e-ff5a-be40a93d9f51}.Debug|Any CPU.ActiveCfg = Debug|Any CPU
		{a2d447ed-da35-e80e-ff5a-be40a93d9f51}.Debug|Any CPU.Build.0 = Debug|Any CPU
		{82089fac-73a7-3eed-ccab-363f7d924df7}.Debug|Any CPU.ActiveCfg = Debug|Any CPU
		{82089fac-73a7-3eed-ccab-363f7d924df7}.Debug|Any CPU.Build.0 = Debug|Any CPU
		{737e5646-822b-2217-a2de-99b8827b4414}.Debug|Any CPU.ActiveCfg = Debug|Any CPU
		{737e5646-822b-2217-a2de-99b8827b4414}.Debug|Any CPU.Build.0 = Debug|Any CPU
	EndGlobalSection
	GlobalSection(SolutionProperties) = preSolution
		HideSolutionNode = FALSE
	EndGlobalSection
EndGlobal
